
Microsoft Visual Studio Solution File, Format Version 12.00
# Visual Studio Version 16
VisualStudioVersion = 16.0.30011.22
MinimumVisualStudioVersion = 10.0.40219.1
Project("{9092AA53-FB77-4645-B42D-1CCCA6BD08BD}") = "Web1C", "Web1C.njsproj", "{5CCC5AA4-123F-4F27-9B9D-64BDA156AEDE}"
EndProject
Global
	GlobalSection(SolutionConfigurationPlatforms) = preSolution
		Debug|Any CPU = Debug|Any CPU
		Release|Any CPU = Release|Any CPU
	EndGlobalSection
	GlobalSection(ProjectConfigurationPlatforms) = postSolution
		{5CCC5AA4-123F-4F27-9B9D-64BDA156AEDE}.Debug|Any CPU.ActiveCfg = Debug|Any CPU
		{5CCC5AA4-123F-4F27-9B9D-64BDA156AEDE}.Debug|Any CPU.Build.0 = Debug|Any CPU
		{5CCC5AA4-123F-4F27-9B9D-64BDA156AEDE}.Release|Any CPU.ActiveCfg = Release|Any CPU
		{5CCC5AA4-123F-4F27-9B9D-64BDA156AEDE}.Release|Any CPU.Build.0 = Release|Any CPU
	EndGlobalSection
	GlobalSection(SolutionProperties) = preSolution
		HideSolutionNode = FALSE
	EndGlobalSection
	GlobalSection(ExtensibilityGlobals) = postSolution
		SolutionGuid = {6B08066B-C230-47E3-B97F-7F5EF6F06E11}
	EndGlobalSection
EndGlobal
